// !$*UTF8*$!
{
	archiveVersion = 1;
	classes = {
	};
	objectVersion = 45;
	objects = {

/* Begin PBXBuildFile section */
		1D3623260D0F684500981E51 /* PJDAppDelegate.m in Sources */ = {isa = PBXBuildFile; fileRef = 1D3623250D0F684500981E51 /* PJDAppDelegate.m */; };
		1D60589F0D05DD5A006BFB54 /* Foundation.framework in Frameworks */ = {isa = PBXBuildFile; fileRef = 1D30AB110D05D00D00671497 /* Foundation.framework */; };
		1DF5F4E00D08C38300B7A737 /* UIKit.framework in Frameworks */ = {isa = PBXBuildFile; fileRef = 1DF5F4DF0D08C38300B7A737 /* UIKit.framework */; };
		288765FD0DF74451002DB57D /* CoreGraphics.framework in Frameworks */ = {isa = PBXBuildFile; fileRef = 288765FC0DF74451002DB57D /* CoreGraphics.framework */; };
		B213445410A0BA690001FE31 /* main.m in Sources */ = {isa = PBXBuildFile; fileRef = B213445110A0BA690001FE31 /* main.m */; };
		B27DA52710A159A4007EE31D /* JSON.framework in Frameworks */ = {isa = PBXBuildFile; fileRef = B27DA52610A159A4007EE31D /* JSON.framework */; };
		B27DA54510A15AC9007EE31D /* PJDViewController.m in Sources */ = {isa = PBXBuildFile; fileRef = B27DA54410A15AC9007EE31D /* PJDViewController.m */; };
		B27DA5B110A15E16007EE31D /* Icon.png in Resources */ = {isa = PBXBuildFile; fileRef = B27DA5AF10A15E16007EE31D /* Icon.png */; };
		B27DA5B210A15E16007EE31D /* iTunesArtwork in Resources */ = {isa = PBXBuildFile; fileRef = B27DA5B010A15E16007EE31D /* iTunesArtwork */; };
		B27DA5BA10A15EC4007EE31D /* Default.png in Resources */ = {isa = PBXBuildFile; fileRef = B27DA5B910A15EC4007EE31D /* Default.png */; };
/* End PBXBuildFile section */

/* Begin PBXFileReference section */
		1D30AB110D05D00D00671497 /* Foundation.framework */ = {isa = PBXFileReference; lastKnownFileType = wrapper.framework; name = Foundation.framework; path = System/Library/Frameworks/Foundation.framework; sourceTree = SDKROOT; };
		1D3623240D0F684500981E51 /* PJDAppDelegate.h */ = {isa = PBXFileReference; fileEncoding = 4; lastKnownFileType = sourcecode.c.h; path = PJDAppDelegate.h; sourceTree = "<group>"; };
		1D3623250D0F684500981E51 /* PJDAppDelegate.m */ = {isa = PBXFileReference; fileEncoding = 4; lastKnownFileType = sourcecode.c.objc; path = PJDAppDelegate.m; sourceTree = "<group>"; };
		1D6058910D05DD3D006BFB54 /* PrivateJSONTest.app */ = {isa = PBXFileReference; explicitFileType = wrapper.application; includeInIndex = 0; path = PrivateJSONTest.app; sourceTree = BUILT_PRODUCTS_DIR; };
		1DF5F4DF0D08C38300B7A737 /* UIKit.framework */ = {isa = PBXFileReference; lastKnownFileType = wrapper.framework; name = UIKit.framework; path = System/Library/Frameworks/UIKit.framework; sourceTree = SDKROOT; };
		288765FC0DF74451002DB57D /* CoreGraphics.framework */ = {isa = PBXFileReference; lastKnownFileType = wrapper.framework; name = CoreGraphics.framework; path = System/Library/Frameworks/CoreGraphics.framework; sourceTree = SDKROOT; };
		B213445010A0BA690001FE31 /* PrivateJSONTest_Prefix.pch */ = {isa = PBXFileReference; fileEncoding = 4; lastKnownFileType = sourcecode.c.h; path = PrivateJSONTest_Prefix.pch; sourceTree = "<group>"; };
		B213445110A0BA690001FE31 /* main.m */ = {isa = PBXFileReference; fileEncoding = 4; lastKnownFileType = sourcecode.c.objc; path = main.m; sourceTree = "<group>"; };
		B213445310A0BA690001FE31 /* PrivateJSONTest-Info.plist */ = {isa = PBXFileReference; fileEncoding = 4; lastKnownFileType = text.plist.xml; path = "PrivateJSONTest-Info.plist"; sourceTree = "<group>"; };
		B27DA51810A15936007EE31D /* JSON-JSONParser.h */ = {isa = PBXFileReference; fileEncoding = 4; lastKnownFileType = sourcecode.c.h; path = "JSON-JSONParser.h"; sourceTree = "<group>"; };
		B27DA51910A15936007EE31D /* JSON-JSONWriter.h */ = {isa = PBXFileReference; fileEncoding = 4; lastKnownFileType = sourcecode.c.h; path = "JSON-JSONWriter.h"; sourceTree = "<group>"; };
		B27DA51A10A15936007EE31D /* JSON.h */ = {isa = PBXFileReference; fileEncoding = 4; lastKnownFileType = sourcecode.c.h; path = JSON.h; sourceTree = "<group>"; };
		B27DA52610A159A4007EE31D /* JSON.framework */ = {isa = PBXFileReference; lastKnownFileType = wrapper.framework; name = JSON.framework; path = System/Library/PrivateFrameworks/JSON.framework; sourceTree = SDKROOT; };
		B27DA54310A15AC9007EE31D /* PJDViewController.h */ = {isa = PBXFileReference; fileEncoding = 4; lastKnownFileType = sourcecode.c.h; path = PJDViewController.h; sourceTree = "<group>"; };
		B27DA54410A15AC9007EE31D /* PJDViewController.m */ = {isa = PBXFileReference; fileEncoding = 4; lastKnownFileType = sourcecode.c.objc; path = PJDViewController.m; sourceTree = "<group>"; };
		B27DA5AF10A15E16007EE31D /* Icon.png */ = {isa = PBXFileReference; lastKnownFileType = image.png; path = Icon.png; sourceTree = "<group>"; };
		B27DA5B010A15E16007EE31D /* iTunesArtwork */ = {isa = PBXFileReference; lastKnownFileType = file; path = iTunesArtwork; sourceTree = "<group>"; };
		B27DA5B910A15EC4007EE31D /* Default.png */ = {isa = PBXFileReference; lastKnownFileType = image.png; path = Default.png; sourceTree = "<group>"; };
/* End PBXFileReference section */

/* Begin PBXFrameworksBuildPhase section */
		1D60588F0D05DD3D006BFB54 /* Frameworks */ = {
			isa = PBXFrameworksBuildPhase;
			buildActionMask = 2147483647;
			files = (
				1D60589F0D05DD5A006BFB54 /* Foundation.framework in Frameworks */,
				1DF5F4E00D08C38300B7A737 /* UIKit.framework in Frameworks */,
				288765FD0DF74451002DB57D /* CoreGraphics.framework in Frameworks */,
				B27DA52710A159A4007EE31D /* JSON.framework in Frameworks */,
			);
			runOnlyForDeploymentPostprocessing = 0;
		};
/* End PBXFrameworksBuildPhase section */

/* Begin PBXGroup section */
		080E96DDFE201D6D7F000001 /* Classes */ = {
			isa = PBXGroup;
			children = (
				1D3623240D0F684500981E51 /* PJDAppDelegate.h */,
				1D3623250D0F684500981E51 /* PJDAppDelegate.m */,
				B27DA54310A15AC9007EE31D /* PJDViewController.h */,
				B27DA54410A15AC9007EE31D /* PJDViewController.m */,
				B27DA51710A15928007EE31D /* Private Headers */,
			);
			path = Classes;
			sourceTree = "<group>";
		};
		19C28FACFE9D520D11CA2CBB /* Products */ = {
			isa = PBXGroup;
			children = (
				1D6058910D05DD3D006BFB54 /* PrivateJSONTest.app */,
			);
			name = Products;
			sourceTree = "<group>";
		};
		29B97314FDCFA39411CA2CEA /* CustomTemplate */ = {
			isa = PBXGroup;
			children = (
				080E96DDFE201D6D7F000001 /* Classes */,
				B213444F10A0BA690001FE31 /* Other Sources */,
				B213445210A0BA690001FE31 /* Resources */,
				29B97323FDCFA39411CA2CEA /* Frameworks */,
				19C28FACFE9D520D11CA2CBB /* Products */,
			);
			name = CustomTemplate;
			sourceTree = "<group>";
		};
		29B97323FDCFA39411CA2CEA /* Frameworks */ = {
			isa = PBXGroup;
			children = (
				B27DA52610A159A4007EE31D /* JSON.framework */,
				1DF5F4DF0D08C38300B7A737 /* UIKit.framework */,
				1D30AB110D05D00D00671497 /* Foundation.framework */,
				288765FC0DF74451002DB57D /* CoreGraphics.framework */,
			);
			name = Frameworks;
			sourceTree = "<group>";
		};
		B213444F10A0BA690001FE31 /* Other Sources */ = {
			isa = PBXGroup;
			children = (
				B213445010A0BA690001FE31 /* PrivateJSONTest_Prefix.pch */,
				B213445110A0BA690001FE31 /* main.m */,
			);
			path = "Other Sources";
			sourceTree = "<group>";
		};
		B213445210A0BA690001FE31 /* Resources */ = {
			isa = PBXGroup;
			children = (
				B27DA5AE10A15E16007EE31D /* Images */,
				B213445310A0BA690001FE31 /* PrivateJSONTest-Info.plist */,
			);
			path = Resources;
			sourceTree = "<group>";
		};
		B27DA51710A15928007EE31D /* Private Headers */ = {
			isa = PBXGroup;
			children = (
				B27DA51A10A15936007EE31D /* JSON.h */,
				B27DA51810A15936007EE31D /* JSON-JSONParser.h */,
				B27DA51910A15936007EE31D /* JSON-JSONWriter.h */,
			);
			name = "Private Headers";
			sourceTree = "<group>";
		};
		B27DA5AE10A15E16007EE31D /* Images */ = {
			isa = PBXGroup;
			children = (
				B27DA5B910A15EC4007EE31D /* Default.png */,
				B27DA5AF10A15E16007EE31D /* Icon.png */,
				B27DA5B010A15E16007EE31D /* iTunesArtwork */,
			);
			path = Images;
			sourceTree = "<group>";
		};
/* End PBXGroup section */

/* Begin PBXNativeTarget section */
		1D6058900D05DD3D006BFB54 /* PrivateJSONTest */ = {
			isa = PBXNativeTarget;
			buildConfigurationList = 1D6058960D05DD3E006BFB54 /* Build configuration list for PBXNativeTarget "PrivateJSONTest" */;
			buildPhases = (
				1D60588D0D05DD3D006BFB54 /* Resources */,
				1D60588E0D05DD3D006BFB54 /* Sources */,
				1D60588F0D05DD3D006BFB54 /* Frameworks */,
			);
			buildRules = (
			);
			dependencies = (
			);
			name = PrivateJSONTest;
			productName = PrivateJSONTest;
			productReference = 1D6058910D05DD3D006BFB54 /* PrivateJSONTest.app */;
			productType = "com.apple.product-type.application";
		};
/* End PBXNativeTarget section */

/* Begin PBXProject section */
		29B97313FDCFA39411CA2CEA /* Project object */ = {
			isa = PBXProject;
			attributes = {
				ORGANIZATIONNAME = "Sam Soffes";
			};
			buildConfigurationList = C01FCF4E08A954540054247B /* Build configuration list for PBXProject "PrivateJSONTest" */;
			compatibilityVersion = "Xcode 3.1";
			hasScannedForEncodings = 1;
			mainGroup = 29B97314FDCFA39411CA2CEA /* CustomTemplate */;
			projectDirPath = "";
			projectRoot = "";
			targets = (
				1D6058900D05DD3D006BFB54 /* PrivateJSONTest */,
			);
		};
/* End PBXProject section */

/* Begin PBXResourcesBuildPhase section */
		1D60588D0D05DD3D006BFB54 /* Resources */ = {
			isa = PBXResourcesBuildPhase;
			buildActionMask = 2147483647;
			files = (
				B27DA5B110A15E16007EE31D /* Icon.png in Resources */,
				B27DA5B210A15E16007EE31D /* iTunesArtwork in Resources */,
				B27DA5BA10A15EC4007EE31D /* Default.png in Resources */,
			);
			runOnlyForDeploymentPostprocessing = 0;
		};
/* End PBXResourcesBuildPhase section */

/* Begin PBXSourcesBuildPhase section */
		1D60588E0D05DD3D006BFB54 /* Sources */ = {
			isa = PBXSourcesBuildPhase;
			buildActionMask = 2147483647;
			files = (
				1D3623260D0F684500981E51 /* PJDAppDelegate.m in Sources */,
				B213445410A0BA690001FE31 /* main.m in Sources */,
				B27DA54510A15AC9007EE31D /* PJDViewController.m in Sources */,
			);
			runOnlyForDeploymentPostprocessing = 0;
		};
/* End PBXSourcesBuildPhase section */

/* Begin XCBuildConfiguration section */
		1D6058940D05DD3E006BFB54 /* Debug */ = {
			isa = XCBuildConfiguration;
			buildSettings = {
				ALWAYS_SEARCH_USER_PATHS = NO;
				COPY_PHASE_STRIP = NO;
				FRAMEWORK_SEARCH_PATHS = (
					"$(inherited)",
					"\"$(SDKROOT)$(SYSTEM_LIBRARY_DIR)/PrivateFrameworks\"",
				);
				GCC_DYNAMIC_NO_PIC = NO;
				GCC_OPTIMIZATION_LEVEL = 0;
				GCC_PRECOMPILE_PREFIX_HEADER = YES;
				GCC_PREFIX_HEADER = "Other Sources/PrivateJSONTest_Prefix.pch";
				INFOPLIST_FILE = "Resources/PrivateJSONTest-Info.plist";
				PRODUCT_NAME = PrivateJSONTest;
			};
			name = Debug;
		};
		1D6058950D05DD3E006BFB54 /* Release */ = {
			isa = XCBuildConfiguration;
			buildSettings = {
				ALWAYS_SEARCH_USER_PATHS = NO;
				COPY_PHASE_STRIP = YES;
				FRAMEWORK_SEARCH_PATHS = (
					"$(inherited)",
					"\"$(SDKROOT)$(SYSTEM_LIBRARY_DIR)/PrivateFrameworks\"",
				);
				GCC_PRECOMPILE_PREFIX_HEADER = YES;
				GCC_PREFIX_HEADER = "Other Sources/PrivateJSONTest_Prefix.pch";
				INFOPLIST_FILE = "Resources/PrivateJSONTest-Info.plist";
				PRODUCT_NAME = PrivateJSONTest;
			};
			name = Release;
		};
		C01FCF4F08A954540054247B /* Debug */ = {
			isa = XCBuildConfiguration;
			buildSettings = {
				ARCHS = "$(ARCHS_STANDARD_32_BIT)";
				"CODE_SIGN_IDENTITY[sdk=iphoneos*]" = "iPhone Developer";
				GCC_C_LANGUAGE_STANDARD = c99;
				GCC_WARN_ABOUT_RETURN_TYPE = YES;
				GCC_WARN_UNUSED_VARIABLE = YES;
				PREBINDING = NO;
				SDKROOT = iphoneos3.1;
			};
			name = Debug;
		};
		C01FCF5008A954540054247B /* Release */ = {
			isa = XCBuildConfiguration;
			buildSettings = {
				ARCHS = "$(ARCHS_STANDARD_32_BIT)";
				"CODE_SIGN_IDENTITY[sdk=iphoneos*]" = "iPhone Developer";
				GCC_C_LANGUAGE_STANDARD = c99;
				GCC_WARN_ABOUT_RETURN_TYPE = YES;
				GCC_WARN_UNUSED_VARIABLE = YES;
				PREBINDING = NO;
				SDKROOT = iphoneos3.1;
			};
			name = Release;
		};
/* End XCBuildConfiguration section */

/* Begin XCConfigurationList section */
		1D6058960D05DD3E006BFB54 /* Build configuration list for PBXNativeTarget "PrivateJSONTest" */ = {
			isa = XCConfigurationList;
			buildConfigurations = (
				1D6058940D05DD3E006BFB54 /* Debug */,
				1D6058950D05DD3E006BFB54 /* Release */,
			);
			defaultConfigurationIsVisible = 0;
			defaultConfigurationName = Release;
		};
		C01FCF4E08A954540054247B /* Build configuration list for PBXProject "PrivateJSONTest" */ = {
			isa = XCConfigurationList;
			buildConfigurations = (
				C01FCF4F08A954540054247B /* Debug */,
				C01FCF5008A954540054247B /* Release */,
			);
			defaultConfigurationIsVisible = 0;
			defaultConfigurationName = Release;
		};
/* End XCConfigurationList section */
	};
	rootObject = 29B97313FDCFA39411CA2CEA /* Project object */;
}
